
Microsoft Visual Studio Solution File, Format Version 12.00
# Visual Studio Version 17
VisualStudioVersion = 17.13.35828.75
MinimumVisualStudioVersion = 10.0.40219.1
Project("{FAE04EC0-301F-11D3-BF4B-00C04F79EFBC}") = "ForgingDwarf.Common", "ForgingDwarf.Common\ForgingDwarf.Common.csproj", "{07A010EC-6F55-43BD-A658-3869EB58274B}"
EndProject
Project("{FAE04EC0-301F-11D3-BF4B-00C04F79EFBC}") = "ForgingDwarf.Server", "ForgingDwarf.Server\ForgingDwarf.Server.csproj", "{5C46C285-577B-4E1D-8544-56FC653E6274}"
EndProject
Project("{FAE04EC0-301F-11D3-BF4B-00C04F79EFBC}") = "ForgingDwarf.Client", "ForgingDwarf.Client\ForgingDwarf.Client.csproj", "{CA54609C-40E6-4765-9405-E0B33B019757}"
EndProject
Project("{FAE04EC0-301F-11D3-BF4B-00C04F79EFBC}") = "ForgingDwarf.Test", "ForgingDwarf.Test\ForgingDwarf.Test.csproj", "{473BCA01-1B5F-466B-83C5-C1BCB788ADF2}"
EndProject
Global
	GlobalSection(SolutionConfigurationPlatforms) = preSolution
		Debug|Any CPU = Debug|Any CPU
		Release|Any CPU = Release|Any CPU
	EndGlobalSection
	GlobalSection(ProjectConfigurationPlatforms) = postSolution
		{07A010EC-6F55-43BD-A658-3869EB58274B}.Debug|Any CPU.ActiveCfg = Debug|Any CPU
		{07A010EC-6F55-43BD-A658-3869EB58274B}.Debug|Any CPU.Build.0 = Debug|Any CPU
		{07A010EC-6F55-43BD-A658-3869EB58274B}.Release|Any CPU.ActiveCfg = Release|Any CPU
		{07A010EC-6F55-43BD-A658-3869EB58274B}.Release|Any CPU.Build.0 = Release|Any CPU
		{5C46C285-577B-4E1D-8544-56FC653E6274}.Debug|Any CPU.ActiveCfg = Debug|Any CPU
		{5C46C285-577B-4E1D-8544-56FC653E6274}.Debug|Any CPU.Build.0 = Debug|Any CPU
		{5C46C285-577B-4E1D-8544-56FC653E6274}.Release|Any CPU.ActiveCfg = Release|Any CPU
		{5C46C285-577B-4E1D-8544-56FC653E6274}.Release|Any CPU.Build.0 = Release|Any CPU
		{CA54609C-40E6-4765-9405-E0B33B019757}.Debug|Any CPU.ActiveCfg = Debug|Any CPU
		{CA54609C-40E6-4765-9405-E0B33B019757}.Debug|Any CPU.Build.0 = Debug|Any CPU
		{CA54609C-40E6-4765-9405-E0B33B019757}.Release|Any CPU.ActiveCfg = Release|Any CPU
		{CA54609C-40E6-4765-9405-E0B33B019757}.Release|Any CPU.Build.0 = Release|Any CPU
		{473BCA01-1B5F-466B-83C5-C1BCB788ADF2}.Debug|Any CPU.ActiveCfg = Debug|Any CPU
		{473BCA01-1B5F-466B-83C5-C1BCB788ADF2}.Debug|Any CPU.Build.0 = Debug|Any CPU
		{473BCA01-1B5F-466B-83C5-C1BCB788ADF2}.Release|Any CPU.ActiveCfg = Release|Any CPU
		{473BCA01-1B5F-466B-83C5-C1BCB788ADF2}.Release|Any CPU.Build.0 = Release|Any CPU
	EndGlobalSection
	GlobalSection(SolutionProperties) = preSolution
		HideSolutionNode = FALSE
	EndGlobalSection
	GlobalSection(ExtensibilityGlobals) = postSolution
		SolutionGuid = {3780672E-8BB1-4F16-B583-35E27EA361A4}
	EndGlobalSection
EndGlobal
